{
  "pins" : [
    {
      "identity" : "alamofire",
      "kind" : "remoteSourceControl",
      "location" : "https://github.com/Alamofire/Alamofire",
      "state" : {
        "revision" : "78424be314842833c04bc3bef5b72e85fff99204",
        "version" : "5.6.4"
      }
    },
    {
      "identity" : "availablehapticfeedback",
      "kind" : "remoteSourceControl",
      "location" : "https://github.com/yonat/AvailableHapticFeedback",
      "state" : {
        "revision" : "f9ae6d54af1fb06fff0ddb16246091c6de22f989",
        "version" : "1.0.2"
      }
    },
    {
      "identity" : "cosmos",
      "kind" : "remoteSourceControl",
      "location" : "https://github.com/evgenyneu/Cosmos.git",
      "state" : {
        "revision" : "cce521e734d0090494bd4afab5fd2e2f2465c1af",
        "version" : "23.0.0"
      }
    },
    {
      "identity" : "iqkeyboardmanager",
      "kind" : "remoteSourceControl",
      "location" : "https://github.com/hackiftekhar/IQKeyboardManager.git",
      "state" : {
        "revision" : "c00b1ae9fa1ad8af4465bb6ca901f6943fc98eba",
        "version" : "6.5.16"
      }
    },
    {
      "identity" : "kingfisher",
      "kind" : "remoteSourceControl",
      "location" : "https://github.com/onevcat/Kingfisher.git",
      "state" : {
        "revision" : "af4be924ad984cf4d16f4ae4df424e79a443d435",
        "version" : "7.6.2"
      }
    },
    {
      "identity" : "multislider",
      "kind" : "remoteSourceControl",
      "location" : "https://github.com/yonat/MultiSlider",
      "state" : {
        "revision" : "869843f6a770c9b08b2c434367f931e708175543",
        "version" : "2.1.0"
      }
    },
    {
      "identity" : "sdwebimage",
      "kind" : "remoteSourceControl",
      "location" : "https://github.com/SDWebImage/SDWebImage",
      "state" : {
        "revision" : "633996a807442ec28df9d33b0f88ce57a0e2fdbf",
        "version" : "5.17.0"
      }
    },
    {
      "identity" : "sweeterswift",
      "kind" : "remoteSourceControl",
      "location" : "https://github.com/yonat/SweeterSwift",
      "state" : {
        "revision" : "74b3d19dc80158b2a87240d05894154a1ba7f2ef",
        "version" : "1.2.1"
      }
    },
    {
      "identity" : "swiftyjson",
      "kind" : "remoteSourceControl",
      "location" : "https://github.com/SwiftyJSON/SwiftyJSON.git",
      "state" : {
        "revision" : "b3dcd7dbd0d488e1a7077cb33b00f2083e382f07",
        "version" : "5.0.1"
      }
    }
  ],
  "version" : 2
}
